
Microsoft Visual Studio Solution File, Format Version 12.00
# Visual Studio Version 17
VisualStudioVersion = 17.6.33829.357
MinimumVisualStudioVersion = 10.0.40219.1
Project("{FAE04EC0-301F-11D3-BF4B-00C04F79EFBC}") = "lastprep", "lastprep\lastprep.csproj", "{A035AEE1-F78B-43D1-98A3-2D5FEF86F0E7}"
EndProject
Global
	GlobalSection(SolutionConfigurationPlatforms) = preSolution
		Debug|Any CPU = Debug|Any CPU
		Debug|x64 = Debug|x64
		Release|Any CPU = Release|Any CPU
		Release|x64 = Release|x64
	EndGlobalSection
	GlobalSection(ProjectConfigurationPlatforms) = postSolution
		{A035AEE1-F78B-43D1-98A3-2D5FEF86F0E7}.Debug|Any CPU.ActiveCfg = Debug|Any CPU
		{A035AEE1-F78B-43D1-98A3-2D5FEF86F0E7}.Debug|Any CPU.Build.0 = Debug|Any CPU
		{A035AEE1-F78B-43D1-98A3-2D5FEF86F0E7}.Debug|x64.ActiveCfg = Debug|x64
		{A035AEE1-F78B-43D1-98A3-2D5FEF86F0E7}.Debug|x64.Build.0 = Debug|x64
		{A035AEE1-F78B-43D1-98A3-2D5FEF86F0E7}.Release|Any CPU.ActiveCfg = Release|Any CPU
		{A035AEE1-F78B-43D1-98A3-2D5FEF86F0E7}.Release|Any CPU.Build.0 = Release|Any CPU
		{A035AEE1-F78B-43D1-98A3-2D5FEF86F0E7}.Release|x64.ActiveCfg = Release|x64
		{A035AEE1-F78B-43D1-98A3-2D5FEF86F0E7}.Release|x64.Build.0 = Release|x64
	EndGlobalSection
	GlobalSection(SolutionProperties) = preSolution
		HideSolutionNode = FALSE
	EndGlobalSection
	GlobalSection(ExtensibilityGlobals) = postSolution
		SolutionGuid = {173905E2-938C-4CB2-BDB0-7E7DA7429204}
	EndGlobalSection
EndGlobal
